
Microsoft Visual Studio Solution File, Format Version 12.00
# Visual Studio Version 17
VisualStudioVersion = 17.5.002.0
MinimumVisualStudioVersion = 10.0.40219.1
Project("{9A19103F-16F7-4668-BE54-9A1E7A4F7556}") = "HelloWorldAPI", "HelloWorldAPI\HelloWorldAPI.csproj", "{30F786B9-0FC2-4885-91F5-B1F3D64A1767}"
EndProject
Global
	GlobalSection(SolutionConfigurationPlatforms) = preSolution
		Debug|Any CPU = Debug|Any CPU
		Release|Any CPU = Release|Any CPU
	EndGlobalSection
	GlobalSection(ProjectConfigurationPlatforms) = postSolution
		{30F786B9-0FC2-4885-91F5-B1F3D64A1767}.Debug|Any CPU.ActiveCfg = Debug|Any CPU
		{30F786B9-0FC2-4885-91F5-B1F3D64A1767}.Debug|Any CPU.Build.0 = Debug|Any CPU
		{30F786B9-0FC2-4885-91F5-B1F3D64A1767}.Release|Any CPU.ActiveCfg = Release|Any CPU
		{30F786B9-0FC2-4885-91F5-B1F3D64A1767}.Release|Any CPU.Build.0 = Release|Any CPU
	EndGlobalSection
	GlobalSection(SolutionProperties) = preSolution
		HideSolutionNode = FALSE
	EndGlobalSection
	GlobalSection(ExtensibilityGlobals) = postSolution
		SolutionGuid = {76A4817F-5DCB-462C-9806-8AB6E12D6D23}
	EndGlobalSection
EndGlobal
